
Microsoft Visual Studio Solution File, Format Version 12.00
# Visual Studio 14
VisualStudioVersion = 14.0.23107.0
MinimumVisualStudioVersion = 10.0.40219.1
Project("{8BC9CEB8-8B4A-11D0-8D11-00A0C91BC942}") = "fds", "fds.vcxproj", "{6704E6FF-5596-43C4-A17B-B94D4AA4264A}"
EndProject
Project("{8BC9CEB8-8B4A-11D0-8D11-00A0C91BC942}") = "CMP", "CMP\CMP.vcxproj", "{7310B279-20AA-4B19-9AA1-A4A3F256E8FF}"
EndProject
Global
	GlobalSection(SolutionConfigurationPlatforms) = preSolution
		Debug|Win32 = Debug|Win32
		Debug|x64 = Debug|x64
		Release|Win32 = Release|Win32
		Release|x64 = Release|x64
	EndGlobalSection
	GlobalSection(ProjectConfigurationPlatforms) = postSolution
		{6704E6FF-5596-43C4-A17B-B94D4AA4264A}.Debug|Win32.ActiveCfg = Debug|Win32
		{6704E6FF-5596-43C4-A17B-B94D4AA4264A}.Debug|Win32.Build.0 = Debug|Win32
		{6704E6FF-5596-43C4-A17B-B94D4AA4264A}.Debug|x64.ActiveCfg = Debug|Win32
		{6704E6FF-5596-43C4-A17B-B94D4AA4264A}.Release|Win32.ActiveCfg = Release|Win32
		{6704E6FF-5596-43C4-A17B-B94D4AA4264A}.Release|Win32.Build.0 = Release|Win32
		{6704E6FF-5596-43C4-A17B-B94D4AA4264A}.Release|x64.ActiveCfg = Release|Win32
		{7310B279-20AA-4B19-9AA1-A4A3F256E8FF}.Debug|Win32.ActiveCfg = Debug|Win32
		{7310B279-20AA-4B19-9AA1-A4A3F256E8FF}.Debug|Win32.Build.0 = Debug|Win32
		{7310B279-20AA-4B19-9AA1-A4A3F256E8FF}.Debug|x64.ActiveCfg = Debug|x64
		{7310B279-20AA-4B19-9AA1-A4A3F256E8FF}.Debug|x64.Build.0 = Debug|x64
		{7310B279-20AA-4B19-9AA1-A4A3F256E8FF}.Release|Win32.ActiveCfg = Release|Win32
		{7310B279-20AA-4B19-9AA1-A4A3F256E8FF}.Release|Win32.Build.0 = Release|Win32
		{7310B279-20AA-4B19-9AA1-A4A3F256E8FF}.Release|x64.ActiveCfg = Release|x64
		{7310B279-20AA-4B19-9AA1-A4A3F256E8FF}.Release|x64.Build.0 = Release|x64
	EndGlobalSection
	GlobalSection(SolutionProperties) = preSolution
		HideSolutionNode = FALSE
	EndGlobalSection
EndGlobal
